// !$*UTF8*$!
{
	archiveVersion = 1;
	classes = {
	};
	objectVersion = 46;
	objects = {

/* Begin PBXBuildFile section */
		097C2ADA1F0E2C4D00B1B13A /* main.swift in Sources */ = {isa = PBXBuildFile; fileRef = 097C2AD91F0E2C4D00B1B13A /* main.swift */; };
		09FD103F1F0E860500D64256 /* Personnage.swift in Sources */ = {isa = PBXBuildFile; fileRef = 09FD103E1F0E860500D64256 /* Personnage.swift */; };
		09FD10411F0F874C00D64256 /* Classe.swift in Sources */ = {isa = PBXBuildFile; fileRef = 09FD10401F0F874C00D64256 /* Classe.swift */; };
		09FD10431F0F906500D64256 /* Arme.swift in Sources */ = {isa = PBXBuildFile; fileRef = 09FD10421F0F906500D64256 /* Arme.swift */; };
		09FD10451F0F932F00D64256 /* Epee.swift in Sources */ = {isa = PBXBuildFile; fileRef = 09FD10441F0F932F00D64256 /* Epee.swift */; };
		09FD10471F0F934800D64256 /* Arc.swift in Sources */ = {isa = PBXBuildFile; fileRef = 09FD10461F0F934800D64256 /* Arc.swift */; };
		09FD10491F0F936100D64256 /* Sceptre.swift in Sources */ = {isa = PBXBuildFile; fileRef = 09FD10481F0F936100D64256 /* Sceptre.swift */; };
/* End PBXBuildFile section */

/* Begin PBXCopyFilesBuildPhase section */
		097C2AD41F0E2C4D00B1B13A /* CopyFiles */ = {
			isa = PBXCopyFilesBuildPhase;
			buildActionMask = 2147483647;
			dstPath = /usr/share/man/man1/;
			dstSubfolderSpec = 0;
			files = (
			);
			runOnlyForDeploymentPostprocessing = 1;
		};
/* End PBXCopyFilesBuildPhase section */

/* Begin PBXFileReference section */
		097C2AD61F0E2C4D00B1B13A /* HelloWorld */ = {isa = PBXFileReference; explicitFileType = "compiled.mach-o.executable"; includeInIndex = 0; path = HelloWorld; sourceTree = BUILT_PRODUCTS_DIR; };
		097C2AD91F0E2C4D00B1B13A /* main.swift */ = {isa = PBXFileReference; lastKnownFileType = sourcecode.swift; path = main.swift; sourceTree = "<group>"; };
		09FD103E1F0E860500D64256 /* Personnage.swift */ = {isa = PBXFileReference; fileEncoding = 4; lastKnownFileType = sourcecode.swift; path = Personnage.swift; sourceTree = "<group>"; };
		09FD10401F0F874C00D64256 /* Classe.swift */ = {isa = PBXFileReference; fileEncoding = 4; lastKnownFileType = sourcecode.swift; path = Classe.swift; sourceTree = "<group>"; };
		09FD10421F0F906500D64256 /* Arme.swift */ = {isa = PBXFileReference; fileEncoding = 4; lastKnownFileType = sourcecode.swift; path = Arme.swift; sourceTree = "<group>"; };
		09FD10441F0F932F00D64256 /* Epee.swift */ = {isa = PBXFileReference; fileEncoding = 4; lastKnownFileType = sourcecode.swift; path = Epee.swift; sourceTree = "<group>"; };
		09FD10461F0F934800D64256 /* Arc.swift */ = {isa = PBXFileReference; fileEncoding = 4; lastKnownFileType = sourcecode.swift; path = Arc.swift; sourceTree = "<group>"; };
		09FD10481F0F936100D64256 /* Sceptre.swift */ = {isa = PBXFileReference; fileEncoding = 4; lastKnownFileType = sourcecode.swift; path = Sceptre.swift; sourceTree = "<group>"; };
/* End PBXFileReference section */

/* Begin PBXFrameworksBuildPhase section */
		097C2AD31F0E2C4D00B1B13A /* Frameworks */ = {
			isa = PBXFrameworksBuildPhase;
			buildActionMask = 2147483647;
			files = (
			);
			runOnlyForDeploymentPostprocessing = 0;
		};
/* End PBXFrameworksBuildPhase section */

/* Begin PBXGroup section */
		097C2ACD1F0E2C4D00B1B13A = {
			isa = PBXGroup;
			children = (
				097C2AD81F0E2C4D00B1B13A /* HelloWorld */,
				097C2AD71F0E2C4D00B1B13A /* Products */,
			);
			sourceTree = "<group>";
		};
		097C2AD71F0E2C4D00B1B13A /* Products */ = {
			isa = PBXGroup;
			children = (
				097C2AD61F0E2C4D00B1B13A /* HelloWorld */,
			);
			name = Products;
			sourceTree = "<group>";
		};
		097C2AD81F0E2C4D00B1B13A /* HelloWorld */ = {
			isa = PBXGroup;
			children = (
				097C2AD91F0E2C4D00B1B13A /* main.swift */,
				09FD103E1F0E860500D64256 /* Personnage.swift */,
				09FD10441F0F932F00D64256 /* Epee.swift */,
				09FD10461F0F934800D64256 /* Arc.swift */,
				09FD10481F0F936100D64256 /* Sceptre.swift */,
				09FD10401F0F874C00D64256 /* Classe.swift */,
				09FD10421F0F906500D64256 /* Arme.swift */,
			);
			path = HelloWorld;
			sourceTree = "<group>";
		};
/* End PBXGroup section */

/* Begin PBXNativeTarget section */
		097C2AD51F0E2C4D00B1B13A /* HelloWorld */ = {
			isa = PBXNativeTarget;
			buildConfigurationList = 097C2ADD1F0E2C4D00B1B13A /* Build configuration list for PBXNativeTarget "HelloWorld" */;
			buildPhases = (
				097C2AD21F0E2C4D00B1B13A /* Sources */,
				097C2AD31F0E2C4D00B1B13A /* Frameworks */,
				097C2AD41F0E2C4D00B1B13A /* CopyFiles */,
			);
			buildRules = (
			);
			dependencies = (
			);
			name = HelloWorld;
			productName = HelloWorld;
			productReference = 097C2AD61F0E2C4D00B1B13A /* HelloWorld */;
			productType = "com.apple.product-type.tool";
		};
/* End PBXNativeTarget section */

/* Begin PBXProject section */
		097C2ACE1F0E2C4D00B1B13A /* Project object */ = {
			isa = PBXProject;
			attributes = {
				LastSwiftUpdateCheck = 0830;
				LastUpgradeCheck = 0830;
				ORGANIZATIONNAME = DevArtisant;
				TargetAttributes = {
					097C2AD51F0E2C4D00B1B13A = {
						CreatedOnToolsVersion = 8.3.3;
						DevelopmentTeam = 8ZVGPK4YX3;
						ProvisioningStyle = Automatic;
					};
				};
			};
			buildConfigurationList = 097C2AD11F0E2C4D00B1B13A /* Build configuration list for PBXProject "HelloWorld" */;
			compatibilityVersion = "Xcode 3.2";
			developmentRegion = English;
			hasScannedForEncodings = 0;
			knownRegions = (
				en,
			);
			mainGroup = 097C2ACD1F0E2C4D00B1B13A;
			productRefGroup = 097C2AD71F0E2C4D00B1B13A /* Products */;
			projectDirPath = "";
			projectRoot = "";
			targets = (
				097C2AD51F0E2C4D00B1B13A /* HelloWorld */,
			);
		};
/* End PBXProject section */

/* Begin PBXSourcesBuildPhase section */
		097C2AD21F0E2C4D00B1B13A /* Sources */ = {
			isa = PBXSourcesBuildPhase;
			buildActionMask = 2147483647;
			files = (
				09FD10411F0F874C00D64256 /* Classe.swift in Sources */,
				097C2ADA1F0E2C4D00B1B13A /* main.swift in Sources */,
				09FD10471F0F934800D64256 /* Arc.swift in Sources */,
				09FD10451F0F932F00D64256 /* Epee.swift in Sources */,
				09FD10431F0F906500D64256 /* Arme.swift in Sources */,
				09FD10491F0F936100D64256 /* Sceptre.swift in Sources */,
				09FD103F1F0E860500D64256 /* Personnage.swift in Sources */,
			);
			runOnlyForDeploymentPostprocessing = 0;
		};
/* End PBXSourcesBuildPhase section */

/* Begin XCBuildConfiguration section */
		097C2ADB1F0E2C4D00B1B13A /* Debug */ = {
			isa = XCBuildConfiguration;
			buildSettings = {
				ALWAYS_SEARCH_USER_PATHS = NO;
				CLANG_ANALYZER_NONNULL = YES;
				CLANG_ANALYZER_NUMBER_OBJECT_CONVERSION = YES_AGGRESSIVE;
				CLANG_CXX_LANGUAGE_STANDARD = "gnu++0x";
				CLANG_CXX_LIBRARY = "libc++";
				CLANG_ENABLE_MODULES = YES;
				CLANG_ENABLE_OBJC_ARC = YES;
				CLANG_WARN_BOOL_CONVERSION = YES;
				CLANG_WARN_CONSTANT_CONVERSION = YES;
				CLANG_WARN_DIRECT_OBJC_ISA_USAGE = YES_ERROR;
				CLANG_WARN_DOCUMENTATION_COMMENTS = YES;
				CLANG_WARN_EMPTY_BODY = YES;
				CLANG_WARN_ENUM_CONVERSION = YES;
				CLANG_WARN_INFINITE_RECURSION = YES;
				CLANG_WARN_INT_CONVERSION = YES;
				CLANG_WARN_OBJC_ROOT_CLASS = YES_ERROR;
				CLANG_WARN_SUSPICIOUS_MOVE = YES;
				CLANG_WARN_UNREACHABLE_CODE = YES;
				CLANG_WARN__DUPLICATE_METHOD_MATCH = YES;
				CODE_SIGN_IDENTITY = "-";
				COPY_PHASE_STRIP = NO;
				DEBUG_INFORMATION_FORMAT = dwarf;
				ENABLE_STRICT_OBJC_MSGSEND = YES;
				ENABLE_TESTABILITY = YES;
				GCC_C_LANGUAGE_STANDARD = gnu99;
				GCC_DYNAMIC_NO_PIC = NO;
				GCC_NO_COMMON_BLOCKS = YES;
				GCC_OPTIMIZATION_LEVEL = 0;
				GCC_PREPROCESSOR_DEFINITIONS = (
					"DEBUG=1",
					"$(inherited)",
				);
				GCC_WARN_64_TO_32_BIT_CONVERSION = YES;
				GCC_WARN_ABOUT_RETURN_TYPE = YES_ERROR;
				GCC_WARN_UNDECLARED_SELECTOR = YES;
				GCC_WARN_UNINITIALIZED_AUTOS = YES_AGGRESSIVE;
				GCC_WARN_UNUSED_FUNCTION = YES;
				GCC_WARN_UNUSED_VARIABLE = YES;
				MACOSX_DEPLOYMENT_TARGET = 10.12;
				MTL_ENABLE_DEBUG_INFO = YES;
				ONLY_ACTIVE_ARCH = YES;
				SDKROOT = macosx;
				SWIFT_OPTIMIZATION_LEVEL = "-Onone";
			};
			name = Debug;
		};
		097C2ADC1F0E2C4D00B1B13A /* Release */ = {
			isa = XCBuildConfiguration;
			buildSettings = {
				ALWAYS_SEARCH_USER_PATHS = NO;
				CLANG_ANALYZER_NONNULL = YES;
				CLANG_ANALYZER_NUMBER_OBJECT_CONVERSION = YES_AGGRESSIVE;
				CLANG_CXX_LANGUAGE_STANDARD = "gnu++0x";
				CLANG_CXX_LIBRARY = "libc++";
				CLANG_ENABLE_MODULES = YES;
				CLANG_ENABLE_OBJC_ARC = YES;
				CLANG_WARN_BOOL_CONVERSION = YES;
				CLANG_WARN_CONSTANT_CONVERSION = YES;
				CLANG_WARN_DIRECT_OBJC_ISA_USAGE = YES_ERROR;
				CLANG_WARN_DOCUMENTATION_COMMENTS = YES;
				CLANG_WARN_EMPTY_BODY = YES;
				CLANG_WARN_ENUM_CONVERSION = YES;
				CLANG_WARN_INFINITE_RECURSION = YES;
				CLANG_WARN_INT_CONVERSION = YES;
				CLANG_WARN_OBJC_ROOT_CLASS = YES_ERROR;
				CLANG_WARN_SUSPICIOUS_MOVE = YES;
				CLANG_WARN_UNREACHABLE_CODE = YES;
				CLANG_WARN__DUPLICATE_METHOD_MATCH = YES;
				CODE_SIGN_IDENTITY = "-";
				COPY_PHASE_STRIP = NO;
				DEBUG_INFORMATION_FORMAT = "dwarf-with-dsym";
				ENABLE_NS_ASSERTIONS = NO;
				ENABLE_STRICT_OBJC_MSGSEND = YES;
				GCC_C_LANGUAGE_STANDARD = gnu99;
				GCC_NO_COMMON_BLOCKS = YES;
				GCC_WARN_64_TO_32_BIT_CONVERSION = YES;
				GCC_WARN_ABOUT_RETURN_TYPE = YES_ERROR;
				GCC_WARN_UNDECLARED_SELECTOR = YES;
				GCC_WARN_UNINITIALIZED_AUTOS = YES_AGGRESSIVE;
				GCC_WARN_UNUSED_FUNCTION = YES;
				GCC_WARN_UNUSED_VARIABLE = YES;
				MACOSX_DEPLOYMENT_TARGET = 10.12;
				MTL_ENABLE_DEBUG_INFO = NO;
				SDKROOT = macosx;
			};
			name = Release;
		};
		097C2ADE1F0E2C4D00B1B13A /* Debug */ = {
			isa = XCBuildConfiguration;
			buildSettings = {
				DEVELOPMENT_TEAM = 8ZVGPK4YX3;
				PRODUCT_NAME = "$(TARGET_NAME)";
				SWIFT_VERSION = 3.0;
			};
			name = Debug;
		};
		097C2ADF1F0E2C4D00B1B13A /* Release */ = {
			isa = XCBuildConfiguration;
			buildSettings = {
				DEVELOPMENT_TEAM = 8ZVGPK4YX3;
				PRODUCT_NAME = "$(TARGET_NAME)";
				SWIFT_VERSION = 3.0;
			};
			name = Release;
		};
/* End XCBuildConfiguration section */

/* Begin XCConfigurationList section */
		097C2AD11F0E2C4D00B1B13A /* Build configuration list for PBXProject "HelloWorld" */ = {
			isa = XCConfigurationList;
			buildConfigurations = (
				097C2ADB1F0E2C4D00B1B13A /* Debug */,
				097C2ADC1F0E2C4D00B1B13A /* Release */,
			);
			defaultConfigurationIsVisible = 0;
			defaultConfigurationName = Release;
		};
		097C2ADD1F0E2C4D00B1B13A /* Build configuration list for PBXNativeTarget "HelloWorld" */ = {
			isa = XCConfigurationList;
			buildConfigurations = (
				097C2ADE1F0E2C4D00B1B13A /* Debug */,
				097C2ADF1F0E2C4D00B1B13A /* Release */,
			);
			defaultConfigurationIsVisible = 0;
			defaultConfigurationName = Release;
		};
/* End XCConfigurationList section */
	};
	rootObject = 097C2ACE1F0E2C4D00B1B13A /* Project object */;
}
